hash: 3798b43dfc3fec47df9f00dc7ec98c383e076c6ef6ae046bf12331d7fdfb2d6c
updated: 2016-01-19T12:34:29.011798532+01:00
imports:
- name: github.com/davecgh/go-spew
  version: 2df174808ee097f90d259e432cc04442cf60be21
  subpackages:
  - spew
- name: github.com/glerchundi/logrus
  version: 39dd9c24b9e7561aa92cc6f54b5f4fbad5b2df17
- name: github.com/pmezard/go-difflib
  version: d8ed2627bdf02c080bf22230dbb337003b7aba2d
  subpackages:
  - difflib
- name: github.com/Sirupsen/logrus
  version: f7f79f729e0fbe2fcc061db48a9ba0263f588252
- name: github.com/spf13/pflag
  version: 7f60f83a2c81bc3c3c0d5297f61ddfa68da9d3b7
- name: github.com/stretchr/objx
  version: cbeaeb16a013161a98496fad62933b1d21786672
- name: github.com/stretchr/testify
  version: f390dcf405f7b83c997eac1b06768bb9f44dec18
  subpackages:
  - /assert
- name: golang.org/x/crypto
  version: 3760e016850398b85094c4c99e955b8c3dea5711
- name: golang.org/x/net
  version: 72aa00c6241a8013dc9b040abb45f57edbe73945
  subpackages:
  - /context
- name: golang.org/x/text
  version: cf4986612c83df6c55578ba198316d1684a9a287
- name: gopkg.in/airbrake/gobrake.v2
  version: c9d51adc624b5cc4c1bf8de730a09af4878ffe2d
- name: gopkg.in/gemnasium/logrus-airbrake-hook.v2
  version: 31e6fd4bd5a98d8ee7673d24bc54ec73c31810dd
- name: speter.net/go/exp/math/dec/inf
  version: 42ca6cd68aa922bc3f32f1e056e61b65945d9ad7
devImports: []
